{
  "name": "formatear",
  "version": "2026.2.17-1",
  "lockfileVersion": 3,
  "requires": true,
  "packages": {
    "": {
      "name": "formatear",
      "version": "2026.2.17-1",
      "dependencies": {
        "eslint-autocontenido": "github:lovedder1995/eslint-autocontenido#2026.02.03.5",
        "eslint-js-autocontenido": "github:lovedder1995/eslint-js-autocontenido#2026.02.03.2",
        "globals": "^17.3.0",
        "stylistic-eslint-plugin-autocontenido": "github:lovedder1995/stylistic-eslint-plugin-autocontenido#2026.02.04.2"
      },
      "bin": {
        "formatear": "bin/formatear.js"
      },
      "devDependencies": {
        "administrador-de-historiales-de-cambios": "github:lovedder1995/administrador-de-historiales-de-cambios#2026.2.17-10"
      }
    },
    "node_modules/administrador-de-historiales-de-cambios": {
      "version": "2026.2.17-10",
      "resolved": "git+ssh://git@github.com/lovedder1995/administrador-de-historiales-de-cambios.git#a5bb3885707206e891b784ed559a1172dec8480f",
      "dev": true,
      "dependencies": {
        "prompts": "^2.4.2"
      },
      "bin": {
        "historial-de-cambios": "bin/administrador-de-historiales-de-cambios.js"
      }
    },
    "node_modules/eslint-autocontenido": {
      "version": "9.39.2",
      "resolved": "git+ssh://git@github.com/lovedder1995/eslint-autocontenido.git#b67c6782d6cd3ebf98714c9f02640173ea66e11f",
      "bin": {
        "eslint-autocontenido": "dist/bin/eslint-autocontenido.js"
      },
      "peerDependencies": {
        "jiti": "*"
      },
      "peerDependenciesMeta": {
        "jiti": {
          "optional": true
        }
      }
    },
    "node_modules/eslint-js-autocontenido": {
      "version": "1.0.0",
      "resolved": "git+ssh://git@github.com/lovedder1995/eslint-js-autocontenido.git#32692c9bc32666ead8d11b882ddd622b47469b8d",
      "license": "ISC"
    },
    "node_modules/globals": {
      "version": "17.3.0",
      "resolved": "https://registry.npmjs.org/globals/-/globals-17.3.0.tgz",
      "integrity": "sha512-yMqGUQVVCkD4tqjOJf3TnrvaaHDMYp4VlUSObbkIiuCPe/ofdMBFIAcBbCSRFWOnos6qRiTVStDwqPLUclaxIw==",
      "license": "MIT",
      "engines": {
        "node": ">=18"
      },
      "funding": {
        "url": "https://github.com/sponsors/sindresorhus"
      }
    },
    "node_modules/kleur": {
      "version": "3.0.3",
      "resolved": "https://registry.npmjs.org/kleur/-/kleur-3.0.3.tgz",
      "integrity": "sha512-eTIzlVOSUR+JxdDFepEYcBMtZ9Qqdef+rnzWdRZuMbOywu5tO2w2N7rqjoANZ5k9vywhL6Br1VRjUIgTQx4E8w==",
      "dev": true,
      "license": "MIT",
      "engines": {
        "node": ">=6"
      }
    },
    "node_modules/prompts": {
      "version": "2.4.2",
      "resolved": "https://registry.npmjs.org/prompts/-/prompts-2.4.2.tgz",
      "integrity": "sha512-NxNv/kLguCA7p3jE8oL2aEBsrJWgAakBpgmgK6lpPWV+WuOmY6r2/zbAVnP+T8bQlA0nzHXSJSJW0Hq7ylaD2Q==",
      "dev": true,
      "license": "MIT",
      "dependencies": {
        "kleur": "^3.0.3",
        "sisteransi": "^1.0.5"
      },
      "engines": {
        "node": ">= 6"
      }
    },
    "node_modules/sisteransi": {
      "version": "1.0.5",
      "resolved": "https://registry.npmjs.org/sisteransi/-/sisteransi-1.0.5.tgz",
      "integrity": "sha512-bLGGlR1QxBcynn2d5YmDX4MGjlZvy2MRBDRNHLJ8VI6l6+9FUiyTFNJ0IveOSP0bcXgVDPRcfGqA0pjaqUpfVg==",
      "dev": true,
      "license": "MIT"
    },
    "node_modules/stylistic-eslint-plugin-autocontenido": {
      "version": "1.0.0",
      "resolved": "git+ssh://git@github.com/lovedder1995/stylistic-eslint-plugin-autocontenido.git#8c254348433b5bdf6ed96af1ad9e020499330f05",
      "license": "ISC"
    }
  }
}
